
Microsoft Visual Studio Solution File, Format Version 12.00
# Visual Studio Version 17
VisualStudioVersion = 17.12.35514.174 d17.12
MinimumVisualStudioVersion = 10.0.40219.1
Project("{FAE04EC0-301F-11D3-BF4B-00C04F79EFBC}") = "Modul11Dz", "Modul11Dz\Modul11Dz.csproj", "{A53546FB-C835-4DF5-8EC7-35007A0277BB}"
EndProject
Project("{FAE04EC0-301F-11D3-BF4B-00C04F79EFBC}") = "Composite", "Composite\Composite.csproj", "{2A76D2B9-67E7-4F5F-9A33-C84BE94F5710}"
EndProject
Global
	GlobalSection(SolutionConfigurationPlatforms) = preSolution
		Debug|Any CPU = Debug|Any CPU
		Release|Any CPU = Release|Any CPU
	EndGlobalSection
	GlobalSection(ProjectConfigurationPlatforms) = postSolution
		{A53546FB-C835-4DF5-8EC7-35007A0277BB}.Debug|Any CPU.ActiveCfg = Debug|Any CPU
		{A53546FB-C835-4DF5-8EC7-35007A0277BB}.Debug|Any CPU.Build.0 = Debug|Any CPU
		{A53546FB-C835-4DF5-8EC7-35007A0277BB}.Release|Any CPU.ActiveCfg = Release|Any CPU
		{A53546FB-C835-4DF5-8EC7-35007A0277BB}.Release|Any CPU.Build.0 = Release|Any CPU
		{2A76D2B9-67E7-4F5F-9A33-C84BE94F5710}.Debug|Any CPU.ActiveCfg = Debug|Any CPU
		{2A76D2B9-67E7-4F5F-9A33-C84BE94F5710}.Debug|Any CPU.Build.0 = Debug|Any CPU
		{2A76D2B9-67E7-4F5F-9A33-C84BE94F5710}.Release|Any CPU.ActiveCfg = Release|Any CPU
		{2A76D2B9-67E7-4F5F-9A33-C84BE94F5710}.Release|Any CPU.Build.0 = Release|Any CPU
	EndGlobalSection
	GlobalSection(SolutionProperties) = preSolution
		HideSolutionNode = FALSE
	EndGlobalSection
EndGlobal
